
Microsoft Visual Studio Solution File, Format Version 12.00
Project("{FAE04EC0-301F-11D3-BF4B-00C04F79EFBC}") = "FileManagerCLI", "FileManagerCLI\FileManagerCLI.csproj", "{09512F8C-90B4-4DD1-8467-C656354BB975}"
EndProject
Global
	GlobalSection(SolutionConfigurationPlatforms) = preSolution
		Debug|Any CPU = Debug|Any CPU
		Release|Any CPU = Release|Any CPU
	EndGlobalSection
	GlobalSection(ProjectConfigurationPlatforms) = postSolution
		{09512F8C-90B4-4DD1-8467-C656354BB975}.Debug|Any CPU.ActiveCfg = Debug|Any CPU
		{09512F8C-90B4-4DD1-8467-C656354BB975}.Debug|Any CPU.Build.0 = Debug|Any CPU
		{09512F8C-90B4-4DD1-8467-C656354BB975}.Release|Any CPU.ActiveCfg = Release|Any CPU
		{09512F8C-90B4-4DD1-8467-C656354BB975}.Release|Any CPU.Build.0 = Release|Any CPU
	EndGlobalSection
EndGlobal
